// !$*UTF8*$!
{
	archiveVersion = 1;
	classes = {
	};
	objectVersion = 50;
	objects = {

/* Begin PBXBuildFile section */
		ADD6C0F523EB17050007700F /* AppDelegate.swift in Sources */ = {isa = PBXBuildFile; fileRef = ADD6C0F423EB17050007700F /* AppDelegate.swift */; };
		ADD6C0F723EB17050007700F /* SceneDelegate.swift in Sources */ = {isa = PBXBuildFile; fileRef = ADD6C0F623EB17050007700F /* SceneDelegate.swift */; };
		ADD6C0F923EB17050007700F /* ViewController.swift in Sources */ = {isa = PBXBuildFile; fileRef = ADD6C0F823EB17050007700F /* ViewController.swift */; };
		ADD6C0FC23EB17050007700F /* Main.storyboard in Resources */ = {isa = PBXBuildFile; fileRef = ADD6C0FA23EB17050007700F /* Main.storyboard */; };
		ADD6C0FE23EB17060007700F /* Assets.xcassets in Resources */ = {isa = PBXBuildFile; fileRef = ADD6C0FD23EB17060007700F /* Assets.xcassets */; };
		ADD6C10123EB17060007700F /* LaunchScreen.storyboard in Resources */ = {isa = PBXBuildFile; fileRef = ADD6C0FF23EB17060007700F /* LaunchScreen.storyboard */; };
		ADD6C10C23EB17070007700F /* LinkGrubberIOSTests.swift in Sources */ = {isa = PBXBuildFile; fileRef = ADD6C10B23EB17070007700F /* LinkGrubberIOSTests.swift */; };
		ADD6C11723EB17070007700F /* LinkGrubberIOSUITests.swift in Sources */ = {isa = PBXBuildFile; fileRef = ADD6C11623EB17070007700F /* LinkGrubberIOSUITests.swift */; };
/* End PBXBuildFile section */

/* Begin PBXContainerItemProxy section */
		ADD6C10823EB17070007700F /* PBXContainerItemProxy */ = {
			isa = PBXContainerItemProxy;
			containerPortal = ADD6C0E923EB17050007700F /* Project object */;
			proxyType = 1;
			remoteGlobalIDString = ADD6C0F023EB17050007700F;
			remoteInfo = LinkGrubberIOS;
		};
		ADD6C11323EB17070007700F /* PBXContainerItemProxy */ = {
			isa = PBXContainerItemProxy;
			containerPortal = ADD6C0E923EB17050007700F /* Project object */;
			proxyType = 1;
			remoteGlobalIDString = ADD6C0F023EB17050007700F;
			remoteInfo = LinkGrubberIOS;
		};
/* End PBXContainerItemProxy section */

/* Begin PBXFileReference section */
		ADD6C0F123EB17050007700F /* LinkGrubberIOS.app */ = {isa = PBXFileReference; explicitFileType = wrapper.application; includeInIndex = 0; path = LinkGrubberIOS.app; sourceTree = BUILT_PRODUCTS_DIR; };
		ADD6C0F423EB17050007700F /* AppDelegate.swift */ = {isa = PBXFileReference; lastKnownFileType = sourcecode.swift; path = AppDelegate.swift; sourceTree = "<group>"; };
		ADD6C0F623EB17050007700F /* SceneDelegate.swift */ = {isa = PBXFileReference; lastKnownFileType = sourcecode.swift; path = SceneDelegate.swift; sourceTree = "<group>"; };
		ADD6C0F823EB17050007700F /* ViewController.swift */ = {isa = PBXFileReference; lastKnownFileType = sourcecode.swift; path = ViewController.swift; sourceTree = "<group>"; };
		ADD6C0FB23EB17050007700F /* Base */ = {isa = PBXFileReference; lastKnownFileType = file.storyboard; name = Base; path = Base.lproj/Main.storyboard; sourceTree = "<group>"; };
		ADD6C0FD23EB17060007700F /* Assets.xcassets */ = {isa = PBXFileReference; lastKnownFileType = folder.assetcatalog; path = Assets.xcassets; sourceTree = "<group>"; };
		ADD6C10023EB17060007700F /* Base */ = {isa = PBXFileReference; lastKnownFileType = file.storyboard; name = Base; path = Base.lproj/LaunchScreen.storyboard; sourceTree = "<group>"; };
		ADD6C10223EB17060007700F /* Info.plist */ = {isa = PBXFileReference; lastKnownFileType = text.plist.xml; path = Info.plist; sourceTree = "<group>"; };
		ADD6C10723EB17070007700F /* LinkGrubberIOSTests.xctest */ = {isa = PBXFileReference; explicitFileType = wrapper.cfbundle; includeInIndex = 0; path = LinkGrubberIOSTests.xctest; sourceTree = BUILT_PRODUCTS_DIR; };
		ADD6C10B23EB17070007700F /* LinkGrubberIOSTests.swift */ = {isa = PBXFileReference; lastKnownFileType = sourcecode.swift; path = LinkGrubberIOSTests.swift; sourceTree = "<group>"; };
		ADD6C10D23EB17070007700F /* Info.plist */ = {isa = PBXFileReference; lastKnownFileType = text.plist.xml; path = Info.plist; sourceTree = "<group>"; };
		ADD6C11223EB17070007700F /* LinkGrubberIOSUITests.xctest */ = {isa = PBXFileReference; explicitFileType = wrapper.cfbundle; includeInIndex = 0; path = LinkGrubberIOSUITests.xctest; sourceTree = BUILT_PRODUCTS_DIR; };
		ADD6C11623EB17070007700F /* LinkGrubberIOSUITests.swift */ = {isa = PBXFileReference; lastKnownFileType = sourcecode.swift; path = LinkGrubberIOSUITests.swift; sourceTree = "<group>"; };
		ADD6C11823EB17070007700F /* Info.plist */ = {isa = PBXFileReference; lastKnownFileType = text.plist.xml; path = Info.plist; sourceTree = "<group>"; };
/* End PBXFileReference section */

/* Begin PBXFrameworksBuildPhase section */
		ADD6C0EE23EB17050007700F /* Frameworks */ = {
			isa = PBXFrameworksBuildPhase;
			buildActionMask = 2147483647;
			files = (
			);
			runOnlyForDeploymentPostprocessing = 0;
		};
		ADD6C10423EB17070007700F /* Frameworks */ = {
			isa = PBXFrameworksBuildPhase;
			buildActionMask = 2147483647;
			files = (
			);
			runOnlyForDeploymentPostprocessing = 0;
		};
		ADD6C10F23EB17070007700F /* Frameworks */ = {
			isa = PBXFrameworksBuildPhase;
			buildActionMask = 2147483647;
			files = (
			);
			runOnlyForDeploymentPostprocessing = 0;
		};
/* End PBXFrameworksBuildPhase section */

/* Begin PBXGroup section */
		ADD6C0E823EB17050007700F = {
			isa = PBXGroup;
			children = (
				ADD6C0F323EB17050007700F /* LinkGrubberIOS */,
				ADD6C10A23EB17070007700F /* LinkGrubberIOSTests */,
				ADD6C11523EB17070007700F /* LinkGrubberIOSUITests */,
				ADD6C0F223EB17050007700F /* Products */,
			);
			sourceTree = "<group>";
		};
		ADD6C0F223EB17050007700F /* Products */ = {
			isa = PBXGroup;
			children = (
				ADD6C0F123EB17050007700F /* LinkGrubberIOS.app */,
				ADD6C10723EB17070007700F /* LinkGrubberIOSTests.xctest */,
				ADD6C11223EB17070007700F /* LinkGrubberIOSUITests.xctest */,
			);
			name = Products;
			sourceTree = "<group>";
		};
		ADD6C0F323EB17050007700F /* LinkGrubberIOS */ = {
			isa = PBXGroup;
			children = (
				ADD6C0F423EB17050007700F /* AppDelegate.swift */,
				ADD6C0F623EB17050007700F /* SceneDelegate.swift */,
				ADD6C0F823EB17050007700F /* ViewController.swift */,
				ADD6C0FA23EB17050007700F /* Main.storyboard */,
				ADD6C0FD23EB17060007700F /* Assets.xcassets */,
				ADD6C0FF23EB17060007700F /* LaunchScreen.storyboard */,
				ADD6C10223EB17060007700F /* Info.plist */,
			);
			path = LinkGrubberIOS;
			sourceTree = "<group>";
		};
		ADD6C10A23EB17070007700F /* LinkGrubberIOSTests */ = {
			isa = PBXGroup;
			children = (
				ADD6C10B23EB17070007700F /* LinkGrubberIOSTests.swift */,
				ADD6C10D23EB17070007700F /* Info.plist */,
			);
			path = LinkGrubberIOSTests;
			sourceTree = "<group>";
		};
		ADD6C11523EB17070007700F /* LinkGrubberIOSUITests */ = {
			isa = PBXGroup;
			children = (
				ADD6C11623EB17070007700F /* LinkGrubberIOSUITests.swift */,
				ADD6C11823EB17070007700F /* Info.plist */,
			);
			path = LinkGrubberIOSUITests;
			sourceTree = "<group>";
		};
/* End PBXGroup section */

/* Begin PBXNativeTarget section */
		ADD6C0F023EB17050007700F /* LinkGrubberIOS */ = {
			isa = PBXNativeTarget;
			buildConfigurationList = ADD6C11B23EB17070007700F /* Build configuration list for PBXNativeTarget "LinkGrubberIOS" */;
			buildPhases = (
				ADD6C0ED23EB17050007700F /* Sources */,
				ADD6C0EE23EB17050007700F /* Frameworks */,
				ADD6C0EF23EB17050007700F /* Resources */,
			);
			buildRules = (
			);
			dependencies = (
			);
			name = LinkGrubberIOS;
			productName = LinkGrubberIOS;
			productReference = ADD6C0F123EB17050007700F /* LinkGrubberIOS.app */;
			productType = "com.apple.product-type.application";
		};
		ADD6C10623EB17070007700F /* LinkGrubberIOSTests */ = {
			isa = PBXNativeTarget;
			buildConfigurationList = ADD6C11E23EB17070007700F /* Build configuration list for PBXNativeTarget "LinkGrubberIOSTests" */;
			buildPhases = (
				ADD6C10323EB17070007700F /* Sources */,
				ADD6C10423EB17070007700F /* Frameworks */,
				ADD6C10523EB17070007700F /* Resources */,
			);
			buildRules = (
			);
			dependencies = (
				ADD6C10923EB17070007700F /* PBXTargetDependency */,
			);
			name = LinkGrubberIOSTests;
			productName = LinkGrubberIOSTests;
			productReference = ADD6C10723EB17070007700F /* LinkGrubberIOSTests.xctest */;
			productType = "com.apple.product-type.bundle.unit-test";
		};
		ADD6C11123EB17070007700F /* LinkGrubberIOSUITests */ = {
			isa = PBXNativeTarget;
			buildConfigurationList = ADD6C12123EB17070007700F /* Build configuration list for PBXNativeTarget "LinkGrubberIOSUITests" */;
			buildPhases = (
				ADD6C10E23EB17070007700F /* Sources */,
				ADD6C10F23EB17070007700F /* Frameworks */,
				ADD6C11023EB17070007700F /* Resources */,
			);
			buildRules = (
			);
			dependencies = (
				ADD6C11423EB17070007700F /* PBXTargetDependency */,
			);
			name = LinkGrubberIOSUITests;
			productName = LinkGrubberIOSUITests;
			productReference = ADD6C11223EB17070007700F /* LinkGrubberIOSUITests.xctest */;
			productType = "com.apple.product-type.bundle.ui-testing";
		};
/* End PBXNativeTarget section */

/* Begin PBXProject section */
		ADD6C0E923EB17050007700F /* Project object */ = {
			isa = PBXProject;
			attributes = {
				LastSwiftUpdateCheck = 1130;
				LastUpgradeCheck = 1130;
				ORGANIZATIONNAME = midnightrambler;
				TargetAttributes = {
					ADD6C0F023EB17050007700F = {
						CreatedOnToolsVersion = 11.3.1;
					};
					ADD6C10623EB17070007700F = {
						CreatedOnToolsVersion = 11.3.1;
						TestTargetID = ADD6C0F023EB17050007700F;
					};
					ADD6C11123EB17070007700F = {
						CreatedOnToolsVersion = 11.3.1;
						TestTargetID = ADD6C0F023EB17050007700F;
					};
				};
			};
			buildConfigurationList = ADD6C0EC23EB17050007700F /* Build configuration list for PBXProject "LinkGrubberIOS" */;
			compatibilityVersion = "Xcode 9.3";
			developmentRegion = en;
			hasScannedForEncodings = 0;
			knownRegions = (
				en,
				Base,
			);
			mainGroup = ADD6C0E823EB17050007700F;
			productRefGroup = ADD6C0F223EB17050007700F /* Products */;
			projectDirPath = "";
			projectRoot = "";
			targets = (
				ADD6C0F023EB17050007700F /* LinkGrubberIOS */,
				ADD6C10623EB17070007700F /* LinkGrubberIOSTests */,
				ADD6C11123EB17070007700F /* LinkGrubberIOSUITests */,
			);
		};
/* End PBXProject section */

/* Begin PBXResourcesBuildPhase section */
		ADD6C0EF23EB17050007700F /* Resources */ = {
			isa = PBXResourcesBuildPhase;
			buildActionMask = 2147483647;
			files = (
				ADD6C10123EB17060007700F /* LaunchScreen.storyboard in Resources */,
				ADD6C0FE23EB17060007700F /* Assets.xcassets in Resources */,
				ADD6C0FC23EB17050007700F /* Main.storyboard in Resources */,
			);
			runOnlyForDeploymentPostprocessing = 0;
		};
		ADD6C10523EB17070007700F /* Resources */ = {
			isa = PBXResourcesBuildPhase;
			buildActionMask = 2147483647;
			files = (
			);
			runOnlyForDeploymentPostprocessing = 0;
		};
		ADD6C11023EB17070007700F /* Resources */ = {
			isa = PBXResourcesBuildPhase;
			buildActionMask = 2147483647;
			files = (
			);
			runOnlyForDeploymentPostprocessing = 0;
		};
/* End PBXResourcesBuildPhase section */

/* Begin PBXSourcesBuildPhase section */
		ADD6C0ED23EB17050007700F /* Sources */ = {
			isa = PBXSourcesBuildPhase;
			buildActionMask = 2147483647;
			files = (
				ADD6C0F923EB17050007700F /* ViewController.swift in Sources */,
				ADD6C0F523EB17050007700F /* AppDelegate.swift in Sources */,
				ADD6C0F723EB17050007700F /* SceneDelegate.swift in Sources */,
			);
			runOnlyForDeploymentPostprocessing = 0;
		};
		ADD6C10323EB17070007700F /* Sources */ = {
			isa = PBXSourcesBuildPhase;
			buildActionMask = 2147483647;
			files = (
				ADD6C10C23EB17070007700F /* LinkGrubberIOSTests.swift in Sources */,
			);
			runOnlyForDeploymentPostprocessing = 0;
		};
		ADD6C10E23EB17070007700F /* Sources */ = {
			isa = PBXSourcesBuildPhase;
			buildActionMask = 2147483647;
			files = (
				ADD6C11723EB17070007700F /* LinkGrubberIOSUITests.swift in Sources */,
			);
			runOnlyForDeploymentPostprocessing = 0;
		};
/* End PBXSourcesBuildPhase section */

/* Begin PBXTargetDependency section */
		ADD6C10923EB17070007700F /* PBXTargetDependency */ = {
			isa = PBXTargetDependency;
			target = ADD6C0F023EB17050007700F /* LinkGrubberIOS */;
			targetProxy = ADD6C10823EB17070007700F /* PBXContainerItemProxy */;
		};
		ADD6C11423EB17070007700F /* PBXTargetDependency */ = {
			isa = PBXTargetDependency;
			target = ADD6C0F023EB17050007700F /* LinkGrubberIOS */;
			targetProxy = ADD6C11323EB17070007700F /* PBXContainerItemProxy */;
		};
/* End PBXTargetDependency section */

/* Begin PBXVariantGroup section */
		ADD6C0FA23EB17050007700F /* Main.storyboard */ = {
			isa = PBXVariantGroup;
			children = (
				ADD6C0FB23EB17050007700F /* Base */,
			);
			name = Main.storyboard;
			sourceTree = "<group>";
		};
		ADD6C0FF23EB17060007700F /* LaunchScreen.storyboard */ = {
			isa = PBXVariantGroup;
			children = (
				ADD6C10023EB17060007700F /* Base */,
			);
			name = LaunchScreen.storyboard;
			sourceTree = "<group>";
		};
/* End PBXVariantGroup section */

/* Begin XCBuildConfiguration section */
		ADD6C11923EB17070007700F /* Debug */ = {
			isa = XCBuildConfiguration;
			buildSettings = {
				ALWAYS_SEARCH_USER_PATHS = NO;
				CLANG_ANALYZER_NONNULL = YES;
				CLANG_ANALYZER_NUMBER_OBJECT_CONVERSION = YES_AGGRESSIVE;
				CLANG_CXX_LANGUAGE_STANDARD = "gnu++14";
				CLANG_CXX_LIBRARY = "libc++";
				CLANG_ENABLE_MODULES = YES;
				CLANG_ENABLE_OBJC_ARC = YES;
				CLANG_ENABLE_OBJC_WEAK = YES;
				CLANG_WARN_BLOCK_CAPTURE_AUTORELEASING = YES;
				CLANG_WARN_BOOL_CONVERSION = YES;
				CLANG_WARN_COMMA = YES;
				CLANG_WARN_CONSTANT_CONVERSION = YES;
				CLANG_WARN_DEPRECATED_OBJC_IMPLEMENTATIONS = YES;
				CLANG_WARN_DIRECT_OBJC_ISA_USAGE = YES_ERROR;
				CLANG_WARN_DOCUMENTATION_COMMENTS = YES;
				CLANG_WARN_EMPTY_BODY = YES;
				CLANG_WARN_ENUM_CONVERSION = YES;
				CLANG_WARN_INFINITE_RECURSION = YES;
				CLANG_WARN_INT_CONVERSION = YES;
				CLANG_WARN_NON_LITERAL_NULL_CONVERSION = YES;
				CLANG_WARN_OBJC_IMPLICIT_RETAIN_SELF = YES;
				CLANG_WARN_OBJC_LITERAL_CONVERSION = YES;
				CLANG_WARN_OBJC_ROOT_CLASS = YES_ERROR;
				CLANG_WARN_RANGE_LOOP_ANALYSIS = YES;
				CLANG_WARN_STRICT_PROTOTYPES = YES;
				CLANG_WARN_SUSPICIOUS_MOVE = YES;
				CLANG_WARN_UNGUARDED_AVAILABILITY = YES_AGGRESSIVE;
				CLANG_WARN_UNREACHABLE_CODE = YES;
				CLANG_WARN__DUPLICATE_METHOD_MATCH = YES;
				COPY_PHASE_STRIP = NO;
				DEBUG_INFORMATION_FORMAT = dwarf;
				ENABLE_STRICT_OBJC_MSGSEND = YES;
				ENABLE_TESTABILITY = YES;
				GCC_C_LANGUAGE_STANDARD = gnu11;
				GCC_DYNAMIC_NO_PIC = NO;
				GCC_NO_COMMON_BLOCKS = YES;
				GCC_OPTIMIZATION_LEVEL = 0;
				GCC_PREPROCESSOR_DEFINITIONS = (
					"DEBUG=1",
					"$(inherited)",
				);
				GCC_WARN_64_TO_32_BIT_CONVERSION = YES;
				GCC_WARN_ABOUT_RETURN_TYPE = YES_ERROR;
				GCC_WARN_UNDECLARED_SELECTOR = YES;
				GCC_WARN_UNINITIALIZED_AUTOS = YES_AGGRESSIVE;
				GCC_WARN_UNUSED_FUNCTION = YES;
				GCC_WARN_UNUSED_VARIABLE = YES;
				IPHONEOS_DEPLOYMENT_TARGET = 13.2;
				MTL_ENABLE_DEBUG_INFO = INCLUDE_SOURCE;
				MTL_FAST_MATH = YES;
				ONLY_ACTIVE_ARCH = YES;
				SDKROOT = iphoneos;
				SWIFT_ACTIVE_COMPILATION_CONDITIONS = DEBUG;
				SWIFT_OPTIMIZATION_LEVEL = "-Onone";
			};
			name = Debug;
		};
		ADD6C11A23EB17070007700F /* Release */ = {
			isa = XCBuildConfiguration;
			buildSettings = {
				ALWAYS_SEARCH_USER_PATHS = NO;
				CLANG_ANALYZER_NONNULL = YES;
				CLANG_ANALYZER_NUMBER_OBJECT_CONVERSION = YES_AGGRESSIVE;
				CLANG_CXX_LANGUAGE_STANDARD = "gnu++14";
				CLANG_CXX_LIBRARY = "libc++";
				CLANG_ENABLE_MODULES = YES;
				CLANG_ENABLE_OBJC_ARC = YES;
				CLANG_ENABLE_OBJC_WEAK = YES;
				CLANG_WARN_BLOCK_CAPTURE_AUTORELEASING = YES;
				CLANG_WARN_BOOL_CONVERSION = YES;
				CLANG_WARN_COMMA = YES;
				CLANG_WARN_CONSTANT_CONVERSION = YES;
				CLANG_WARN_DEPRECATED_OBJC_IMPLEMENTATIONS = YES;
				CLANG_WARN_DIRECT_OBJC_ISA_USAGE = YES_ERROR;
				CLANG_WARN_DOCUMENTATION_COMMENTS = YES;
				CLANG_WARN_EMPTY_BODY = YES;
				CLANG_WARN_ENUM_CONVERSION = YES;
				CLANG_WARN_INFINITE_RECURSION = YES;
				CLANG_WARN_INT_CONVERSION = YES;
				CLANG_WARN_NON_LITERAL_NULL_CONVERSION = YES;
				CLANG_WARN_OBJC_IMPLICIT_RETAIN_SELF = YES;
				CLANG_WARN_OBJC_LITERAL_CONVERSION = YES;
				CLANG_WARN_OBJC_ROOT_CLASS = YES_ERROR;
				CLANG_WARN_RANGE_LOOP_ANALYSIS = YES;
				CLANG_WARN_STRICT_PROTOTYPES = YES;
				CLANG_WARN_SUSPICIOUS_MOVE = YES;
				CLANG_WARN_UNGUARDED_AVAILABILITY = YES_AGGRESSIVE;
				CLANG_WARN_UNREACHABLE_CODE = YES;
				CLANG_WARN__DUPLICATE_METHOD_MATCH = YES;
				COPY_PHASE_STRIP = NO;
				DEBUG_INFORMATION_FORMAT = "dwarf-with-dsym";
				ENABLE_NS_ASSERTIONS = NO;
				ENABLE_STRICT_OBJC_MSGSEND = YES;
				GCC_C_LANGUAGE_STANDARD = gnu11;
				GCC_NO_COMMON_BLOCKS = YES;
				GCC_WARN_64_TO_32_BIT_CONVERSION = YES;
				GCC_WARN_ABOUT_RETURN_TYPE = YES_ERROR;
				GCC_WARN_UNDECLARED_SELECTOR = YES;
				GCC_WARN_UNINITIALIZED_AUTOS = YES_AGGRESSIVE;
				GCC_WARN_UNUSED_FUNCTION = YES;
				GCC_WARN_UNUSED_VARIABLE = YES;
				IPHONEOS_DEPLOYMENT_TARGET = 13.2;
				MTL_ENABLE_DEBUG_INFO = NO;
				MTL_FAST_MATH = YES;
				SDKROOT = iphoneos;
				SWIFT_COMPILATION_MODE = wholemodule;
				SWIFT_OPTIMIZATION_LEVEL = "-O";
				VALIDATE_PRODUCT = YES;
			};
			name = Release;
		};
		ADD6C11C23EB17070007700F /* Debug */ = {
			isa = XCBuildConfiguration;
			buildSettings = {
				ASSETCATALOG_COMPILER_APPICON_NAME = AppIcon;
				CODE_SIGN_STYLE = Automatic;
				DEVELOPMENT_TEAM = X2PQYA6S48;
				INFOPLIST_FILE = LinkGrubberIOS/Info.plist;
				LD_RUNPATH_SEARCH_PATHS = (
					"$(inherited)",
					"@executable_path/Frameworks",
				);
				PRODUCT_BUNDLE_IDENTIFIER = com.midnightrambler.LinkGrubberIOS;
				PRODUCT_NAME = "$(TARGET_NAME)";
				SWIFT_VERSION = 5.0;
				TARGETED_DEVICE_FAMILY = "1,2";
			};
			name = Debug;
		};
		ADD6C11D23EB17070007700F /* Release */ = {
			isa = XCBuildConfiguration;
			buildSettings = {
				ASSETCATALOG_COMPILER_APPICON_NAME = AppIcon;
				CODE_SIGN_STYLE = Automatic;
				DEVELOPMENT_TEAM = X2PQYA6S48;
				INFOPLIST_FILE = LinkGrubberIOS/Info.plist;
				LD_RUNPATH_SEARCH_PATHS = (
					"$(inherited)",
					"@executable_path/Frameworks",
				);
				PRODUCT_BUNDLE_IDENTIFIER = com.midnightrambler.LinkGrubberIOS;
				PRODUCT_NAME = "$(TARGET_NAME)";
				SWIFT_VERSION = 5.0;
				TARGETED_DEVICE_FAMILY = "1,2";
			};
			name = Release;
		};
		ADD6C11F23EB17070007700F /* Debug */ = {
			isa = XCBuildConfiguration;
			buildSettings = {
				ALWAYS_EMBED_SWIFT_STANDARD_LIBRARIES = YES;
				BUNDLE_LOADER = "$(TEST_HOST)";
				CODE_SIGN_STYLE = Automatic;
				DEVELOPMENT_TEAM = X2PQYA6S48;
				INFOPLIST_FILE = LinkGrubberIOSTests/Info.plist;
				IPHONEOS_DEPLOYMENT_TARGET = 13.2;
				LD_RUNPATH_SEARCH_PATHS = (
					"$(inherited)",
					"@executable_path/Frameworks",
					"@loader_path/Frameworks",
				);
				PRODUCT_BUNDLE_IDENTIFIER = com.midnightrambler.LinkGrubberIOSTests;
				PRODUCT_NAME = "$(TARGET_NAME)";
				SWIFT_VERSION = 5.0;
				TARGETED_DEVICE_FAMILY = "1,2";
				TEST_HOST = "$(BUILT_PRODUCTS_DIR)/LinkGrubberIOS.app/LinkGrubberIOS";
			};
			name = Debug;
		};
		ADD6C12023EB17070007700F /* Release */ = {
			isa = XCBuildConfiguration;
			buildSettings = {
				ALWAYS_EMBED_SWIFT_STANDARD_LIBRARIES = YES;
				BUNDLE_LOADER = "$(TEST_HOST)";
				CODE_SIGN_STYLE = Automatic;
				DEVELOPMENT_TEAM = X2PQYA6S48;
				INFOPLIST_FILE = LinkGrubberIOSTests/Info.plist;
				IPHONEOS_DEPLOYMENT_TARGET = 13.2;
				LD_RUNPATH_SEARCH_PATHS = (
					"$(inherited)",
					"@executable_path/Frameworks",
					"@loader_path/Frameworks",
				);
				PRODUCT_BUNDLE_IDENTIFIER = com.midnightrambler.LinkGrubberIOSTests;
				PRODUCT_NAME = "$(TARGET_NAME)";
				SWIFT_VERSION = 5.0;
				TARGETED_DEVICE_FAMILY = "1,2";
				TEST_HOST = "$(BUILT_PRODUCTS_DIR)/LinkGrubberIOS.app/LinkGrubberIOS";
			};
			name = Release;
		};
		ADD6C12223EB17070007700F /* Debug */ = {
			isa = XCBuildConfiguration;
			buildSettings = {
				ALWAYS_EMBED_SWIFT_STANDARD_LIBRARIES = YES;
				CODE_SIGN_STYLE = Automatic;
				DEVELOPMENT_TEAM = X2PQYA6S48;
				INFOPLIST_FILE = LinkGrubberIOSUITests/Info.plist;
				LD_RUNPATH_SEARCH_PATHS = (
					"$(inherited)",
					"@executable_path/Frameworks",
					"@loader_path/Frameworks",
				);
				PRODUCT_BUNDLE_IDENTIFIER = com.midnightrambler.LinkGrubberIOSUITests;
				PRODUCT_NAME = "$(TARGET_NAME)";
				SWIFT_VERSION = 5.0;
				TARGETED_DEVICE_FAMILY = "1,2";
				TEST_TARGET_NAME = LinkGrubberIOS;
			};
			name = Debug;
		};
		ADD6C12323EB17070007700F /* Release */ = {
			isa = XCBuildConfiguration;
			buildSettings = {
				ALWAYS_EMBED_SWIFT_STANDARD_LIBRARIES = YES;
				CODE_SIGN_STYLE = Automatic;
				DEVELOPMENT_TEAM = X2PQYA6S48;
				INFOPLIST_FILE = LinkGrubberIOSUITests/Info.plist;
				LD_RUNPATH_SEARCH_PATHS = (
					"$(inherited)",
					"@executable_path/Frameworks",
					"@loader_path/Frameworks",
				);
				PRODUCT_BUNDLE_IDENTIFIER = com.midnightrambler.LinkGrubberIOSUITests;
				PRODUCT_NAME = "$(TARGET_NAME)";
				SWIFT_VERSION = 5.0;
				TARGETED_DEVICE_FAMILY = "1,2";
				TEST_TARGET_NAME = LinkGrubberIOS;
			};
			name = Release;
		};
/* End XCBuildConfiguration section */

/* Begin XCConfigurationList section */
		ADD6C0EC23EB17050007700F /* Build configuration list for PBXProject "LinkGrubberIOS" */ = {
			isa = XCConfigurationList;
			buildConfigurations = (
				ADD6C11923EB17070007700F /* Debug */,
				ADD6C11A23EB17070007700F /* Release */,
			);
			defaultConfigurationIsVisible = 0;
			defaultConfigurationName = Release;
		};
		ADD6C11B23EB17070007700F /* Build configuration list for PBXNativeTarget "LinkGrubberIOS" */ = {
			isa = XCConfigurationList;
			buildConfigurations = (
				ADD6C11C23EB17070007700F /* Debug */,
				ADD6C11D23EB17070007700F /* Release */,
			);
			defaultConfigurationIsVisible = 0;
			defaultConfigurationName = Release;
		};
		ADD6C11E23EB17070007700F /* Build configuration list for PBXNativeTarget "LinkGrubberIOSTests" */ = {
			isa = XCConfigurationList;
			buildConfigurations = (
				ADD6C11F23EB17070007700F /* Debug */,
				ADD6C12023EB17070007700F /* Release */,
			);
			defaultConfigurationIsVisible = 0;
			defaultConfigurationName = Release;
		};
		ADD6C12123EB17070007700F /* Build configuration list for PBXNativeTarget "LinkGrubberIOSUITests" */ = {
			isa = XCConfigurationList;
			buildConfigurations = (
				ADD6C12223EB17070007700F /* Debug */,
				ADD6C12323EB17070007700F /* Release */,
			);
			defaultConfigurationIsVisible = 0;
			defaultConfigurationName = Release;
		};
/* End XCConfigurationList section */
	};
	rootObject = ADD6C0E923EB17050007700F /* Project object */;
}
